
Microsoft Visual Studio Solution File, Format Version 12.00
# Visual Studio Version 16
VisualStudioVersion = 16.0.30717.126
MinimumVisualStudioVersion = 10.0.40219.1
Project("{FAE04EC0-301F-11D3-BF4B-00C04F79EFBC}") = "C_Sharp_HW_6", "C_Sharp_HW_6.csproj", "{AA676C0C-4E27-4016-89FE-45CB0A41CBA3}"
EndProject
Global
	GlobalSection(SolutionConfigurationPlatforms) = preSolution
		Debug|Any CPU = Debug|Any CPU
		Release|Any CPU = Release|Any CPU
	EndGlobalSection
	GlobalSection(ProjectConfigurationPlatforms) = postSolution
		{AA676C0C-4E27-4016-89FE-45CB0A41CBA3}.Debug|Any CPU.ActiveCfg = Debug|Any CPU
		{AA676C0C-4E27-4016-89FE-45CB0A41CBA3}.Debug|Any CPU.Build.0 = Debug|Any CPU
		{AA676C0C-4E27-4016-89FE-45CB0A41CBA3}.Release|Any CPU.ActiveCfg = Release|Any CPU
		{AA676C0C-4E27-4016-89FE-45CB0A41CBA3}.Release|Any CPU.Build.0 = Release|Any CPU
	EndGlobalSection
	GlobalSection(SolutionProperties) = preSolution
		HideSolutionNode = FALSE
	EndGlobalSection
	GlobalSection(ExtensibilityGlobals) = postSolution
		SolutionGuid = {4E0E7A15-E144-49F0-979C-2B862602EFAF}
	EndGlobalSection
EndGlobal
